// !$*UTF8*$!
{
	archiveVersion = 1;
	classes = {
	};
	objectVersion = 46;
	objects = {

/* Begin PBXBuildFile section */
		3D24DA4B18FE0F2D0096B3BF /* libCorePlot-CocoaTouch.a in Frameworks */ = {isa = PBXBuildFile; fileRef = 3D24DA4918FE0F1B0096B3BF /* libCorePlot-CocoaTouch.a */; };
		3D24DA4E18FE11EF0096B3BF /* Parse.framework in Frameworks */ = {isa = PBXBuildFile; fileRef = 3D24DA4D18FE11EF0096B3BF /* Parse.framework */; };
		3DBDBC8E18F2893C006658EC /* Foundation.framework in Frameworks */ = {isa = PBXBuildFile; fileRef = 3DBDBC8D18F2893C006658EC /* Foundation.framework */; };
		3DBDBC9018F2893C006658EC /* CoreGraphics.framework in Frameworks */ = {isa = PBXBuildFile; fileRef = 3DBDBC8F18F2893C006658EC /* CoreGraphics.framework */; };
		3DBDBC9218F2893C006658EC /* UIKit.framework in Frameworks */ = {isa = PBXBuildFile; fileRef = 3DBDBC9118F2893C006658EC /* UIKit.framework */; };
		3DBDBC9818F2893C006658EC /* InfoPlist.strings in Resources */ = {isa = PBXBuildFile; fileRef = 3DBDBC9618F2893C006658EC /* InfoPlist.strings */; };
		3DBDBC9A18F2893C006658EC /* main.m in Sources */ = {isa = PBXBuildFile; fileRef = 3DBDBC9918F2893C006658EC /* main.m */; };
		3DBDBC9E18F2893C006658EC /* RBWAppDelegate.m in Sources */ = {isa = PBXBuildFile; fileRef = 3DBDBC9D18F2893C006658EC /* RBWAppDelegate.m */; };
		3DBDBCA018F2893C006658EC /* Images.xcassets in Resources */ = {isa = PBXBuildFile; fileRef = 3DBDBC9F18F2893C006658EC /* Images.xcassets */; };
		3DBDBCA718F2893C006658EC /* XCTest.framework in Frameworks */ = {isa = PBXBuildFile; fileRef = 3DBDBCA618F2893C006658EC /* XCTest.framework */; };
		3DBDBCA818F2893C006658EC /* Foundation.framework in Frameworks */ = {isa = PBXBuildFile; fileRef = 3DBDBC8D18F2893C006658EC /* Foundation.framework */; };
		3DBDBCA918F2893C006658EC /* UIKit.framework in Frameworks */ = {isa = PBXBuildFile; fileRef = 3DBDBC9118F2893C006658EC /* UIKit.framework */; };
		3DBDBCB118F2893C006658EC /* InfoPlist.strings in Resources */ = {isa = PBXBuildFile; fileRef = 3DBDBCAF18F2893C006658EC /* InfoPlist.strings */; };
		3DBDBCB318F2893C006658EC /* confidenceTests.m in Sources */ = {isa = PBXBuildFile; fileRef = 3DBDBCB218F2893C006658EC /* confidenceTests.m */; };
		3DDAB87918F32530006E4AC9 /* AudioToolbox.framework in Frameworks */ = {isa = PBXBuildFile; fileRef = 3DDAB87818F32530006E4AC9 /* AudioToolbox.framework */; };
		3DDAB88218F32576006E4AC9 /* CFNetwork.framework in Frameworks */ = {isa = PBXBuildFile; fileRef = 3DDAB87A18F32576006E4AC9 /* CFNetwork.framework */; };
		3DDAB88318F32576006E4AC9 /* CoreLocation.framework in Frameworks */ = {isa = PBXBuildFile; fileRef = 3DDAB87B18F32576006E4AC9 /* CoreLocation.framework */; };
		3DDAB88418F32576006E4AC9 /* libz.dylib in Frameworks */ = {isa = PBXBuildFile; fileRef = 3DDAB87C18F32576006E4AC9 /* libz.dylib */; };
		3DDAB88518F32576006E4AC9 /* MobileCoreServices.framework in Frameworks */ = {isa = PBXBuildFile; fileRef = 3DDAB87D18F32576006E4AC9 /* MobileCoreServices.framework */; };
		3DDAB88618F32576006E4AC9 /* QuartzCore.framework in Frameworks */ = {isa = PBXBuildFile; fileRef = 3DDAB87E18F32576006E4AC9 /* QuartzCore.framework */; };
		3DDAB88718F32576006E4AC9 /* Security.framework in Frameworks */ = {isa = PBXBuildFile; fileRef = 3DDAB87F18F32576006E4AC9 /* Security.framework */; };
		3DDAB88818F32576006E4AC9 /* StoreKit.framework in Frameworks */ = {isa = PBXBuildFile; fileRef = 3DDAB88018F32576006E4AC9 /* StoreKit.framework */; };
		3DDAB88918F32576006E4AC9 /* SystemConfiguration.framework in Frameworks */ = {isa = PBXBuildFile; fileRef = 3DDAB88118F32576006E4AC9 /* SystemConfiguration.framework */; };
		3DDAB88C18F32ACD006E4AC9 /* RBWLogInViewController.m in Sources */ = {isa = PBXBuildFile; fileRef = 3DDAB88B18F32ACD006E4AC9 /* RBWLogInViewController.m */; };
		3DDAB88E18F32C71006E4AC9 /* Main.storyboard in Resources */ = {isa = PBXBuildFile; fileRef = 3DDAB88D18F32C71006E4AC9 /* Main.storyboard */; };
		3DDAB89118F349CD006E4AC9 /* RBWRegisterViewController.m in Sources */ = {isa = PBXBuildFile; fileRef = 3DDAB89018F349CD006E4AC9 /* RBWRegisterViewController.m */; };
		3DDAB89718F3B3E8006E4AC9 /* RBWTClassCreatorViewController.m in Sources */ = {isa = PBXBuildFile; fileRef = 3DDAB89618F3B3E8006E4AC9 /* RBWTClassCreatorViewController.m */; };
		3DDAB89D18F3B787006E4AC9 /* RBWTeacherTableViewController.m in Sources */ = {isa = PBXBuildFile; fileRef = 3DDAB89C18F3B787006E4AC9 /* RBWTeacherTableViewController.m */; };
		3DDAB8A018F3B875006E4AC9 /* RBWCourse.m in Sources */ = {isa = PBXBuildFile; fileRef = 3DDAB89F18F3B875006E4AC9 /* RBWCourse.m */; };
		3DDAB8A318F46D94006E4AC9 /* RBWSelectCoursesTableViewController.m in Sources */ = {isa = PBXBuildFile; fileRef = 3DDAB8A218F46D94006E4AC9 /* RBWSelectCoursesTableViewController.m */; };
		3DDAB8A618F4A2DA006E4AC9 /* RBWStudentTableViewController.m in Sources */ = {isa = PBXBuildFile; fileRef = 3DDAB8A518F4A2DA006E4AC9 /* RBWStudentTableViewController.m */; };
		3DF81C7518F667AF00F46EA2 /* RBWFeelingViewController.m in Sources */ = {isa = PBXBuildFile; fileRef = 3DF81C7418F667AF00F46EA2 /* RBWFeelingViewController.m */; };
		3DF81C7818F9C93400F46EA2 /* RBWTeacherClassViewController.m in Sources */ = {isa = PBXBuildFile; fileRef = 3DF81C7718F9C93400F46EA2 /* RBWTeacherClassViewController.m */; };
		3DF81C7E18FA272300F46EA2 /* RBWSentiment.m in Sources */ = {isa = PBXBuildFile; fileRef = 3DF81C7D18FA272300F46EA2 /* RBWSentiment.m */; };
		3DF81CDD18FAFBD700F46EA2 /* Accelerate.framework in Frameworks */ = {isa = PBXBuildFile; fileRef = 3DF81CDC18FAFBD700F46EA2 /* Accelerate.framework */; };
/* End PBXBuildFile section */

/* Begin PBXContainerItemProxy section */
		3DBDBCAA18F2893C006658EC /* PBXContainerItemProxy */ = {
			isa = PBXContainerItemProxy;
			containerPortal = 3DBDBC8218F2893C006658EC /* Project object */;
			proxyType = 1;
			remoteGlobalIDString = 3DBDBC8918F2893C006658EC;
			remoteInfo = confidence;
		};
/* End PBXContainerItemProxy section */

/* Begin PBXFileReference section */
		3D24D9FA18FE0E8C0096B3BF /* CorePlot-CocoaTouch.h */ = {isa = PBXFileReference; fileEncoding = 4; lastKnownFileType = sourcecode.c.h; path = "CorePlot-CocoaTouch.h"; sourceTree = "<group>"; };
		3D24D9FB18FE0E8C0096B3BF /* CPTAnimation.h */ = {isa = PBXFileReference; fileEncoding = 4; lastKnownFileType = sourcecode.c.h; path = CPTAnimation.h; sourceTree = "<group>"; };
		3D24D9FC18FE0E8C0096B3BF /* CPTAnimationOperation.h */ = {isa = PBXFileReference; fileEncoding = 4; lastKnownFileType = sourcecode.c.h; path = CPTAnimationOperation.h; sourceTree = "<group>"; };
		3D24D9FD18FE0E8C0096B3BF /* CPTAnimationPeriod.h */ = {isa = PBXFileReference; fileEncoding = 4; lastKnownFileType = sourcecode.c.h; path = CPTAnimationPeriod.h; sourceTree = "<group>"; };
		3D24D9FE18FE0E8C0096B3BF /* CPTAnnotation.h */ = {isa = PBXFileReference; fileEncoding = 4; lastKnownFileType = sourcecode.c.h; path = CPTAnnotation.h; sourceTree = "<group>"; };
		3D24D9FF18FE0E8C0096B3BF /* CPTAnnotationHostLayer.h */ = {isa = PBXFileReference; fileEncoding = 4; lastKnownFileType = sourcecode.c.h; path = CPTAnnotationHostLayer.h; sourceTree = "<group>"; };
		3D24DA0018FE0E8C0096B3BF /* CPTAxis.h */ = {isa = PBXFileReference; fileEncoding = 4; lastKnownFileType = sourcecode.c.h; path = CPTAxis.h; sourceTree = "<group>"; };
		3D24DA0118FE0E8C0096B3BF /* CPTAxisLabel.h */ = {isa = PBXFileReference; fileEncoding = 4; lastKnownFileType = sourcecode.c.h; path = CPTAxisLabel.h; sourceTree = "<group>"; };
		3D24DA0218FE0E8C0096B3BF /* CPTAxisLabelGroup.h */ = {isa = PBXFileReference; fileEncoding = 4; lastKnownFileType = sourcecode.c.h; path = CPTAxisLabelGroup.h; sourceTree = "<group>"; };
		3D24DA0318FE0E8C0096B3BF /* CPTAxisSet.h */ = {isa = PBXFileReference; fileEncoding = 4; lastKnownFileType = sourcecode.c.h; path = CPTAxisSet.h; sourceTree = "<group>"; };
		3D24DA0418FE0E8C0096B3BF /* CPTAxisTitle.h */ = {isa = PBXFileReference; fileEncoding = 4; lastKnownFileType = sourcecode.c.h; path = CPTAxisTitle.h; sourceTree = "<group>"; };
		3D24DA0518FE0E8C0096B3BF /* CPTBarPlot.h */ = {isa = PBXFileReference; fileEncoding = 4; lastKnownFileType = sourcecode.c.h; path = CPTBarPlot.h; sourceTree = "<group>"; };
		3D24DA0618FE0E8C0096B3BF /* CPTBorderedLayer.h */ = {isa = PBXFileReference; fileEncoding = 4; lastKnownFileType = sourcecode.c.h; path = CPTBorderedLayer.h; sourceTree = "<group>"; };
		3D24DA0718FE0E8C0096B3BF /* CPTCalendarFormatter.h */ = {isa = PBXFileReference; fileEncoding = 4; lastKnownFileType = sourcecode.c.h; path = CPTCalendarFormatter.h; sourceTree = "<group>"; };
		3D24DA0818FE0E8C0096B3BF /* CPTColor.h */ = {isa = PBXFileReference; fileEncoding = 4; lastKnownFileType = sourcecode.c.h; path = CPTColor.h; sourceTree = "<group>"; };
		3D24DA0918FE0E8C0096B3BF /* CPTColorSpace.h */ = {isa = PBXFileReference; fileEncoding = 4; lastKnownFileType = sourcecode.c.h; path = CPTColorSpace.h; sourceTree = "<group>"; };
		3D24DA0A18FE0E8C0096B3BF /* CPTConstraints.h */ = {isa = PBXFileReference; fileEncoding = 4; lastKnownFileType = sourcecode.c.h; path = CPTConstraints.h; sourceTree = "<group>"; };
		3D24DA0B18FE0E8C0096B3BF /* CPTDataSourceTestCase.h */ = {isa = PBXFileReference; fileEncoding = 4; lastKnownFileType = sourcecode.c.h; path = CPTDataSourceTestCase.h; sourceTree = "<group>"; };
		3D24DA0C18FE0E8C0096B3BF /* CPTDefinitions.h */ = {isa = PBXFileReference; fileEncoding = 4; lastKnownFileType = sourcecode.c.h; path = CPTDefinitions.h; sourceTree = "<group>"; };
		3D24DA0D18FE0E8C0096B3BF /* CPTDerivedXYGraph.h */ = {isa = PBXFileReference; fileEncoding = 4; lastKnownFileType = sourcecode.c.h; path = CPTDerivedXYGraph.h; sourceTree = "<group>"; };
		3D24DA0E18FE0E8C0096B3BF /* CPTExceptions.h */ = {isa = PBXFileReference; fileEncoding = 4; lastKnownFileType = sourcecode.c.h; path = CPTExceptions.h; sourceTree = "<group>"; };
		3D24DA0F18FE0E8C0096B3BF /* CPTFill.h */ = {isa = PBXFileReference; fileEncoding = 4; lastKnownFileType = sourcecode.c.h; path = CPTFill.h; sourceTree = "<group>"; };
		3D24DA1018FE0E8C0096B3BF /* CPTFunctionDataSource.h */ = {isa = PBXFileReference; fileEncoding = 4; lastKnownFileType = sourcecode.c.h; path = CPTFunctionDataSource.h; sourceTree = "<group>"; };
		3D24DA1118FE0E8C0096B3BF /* CPTGradient.h */ = {isa = PBXFileReference; fileEncoding = 4; lastKnownFileType = sourcecode.c.h; path = CPTGradient.h; sourceTree = "<group>"; };
		3D24DA1218FE0E8C0096B3BF /* CPTGraph.h */ = {isa = PBXFileReference; fileEncoding = 4; lastKnownFileType = sourcecode.c.h; path = CPTGraph.h; sourceTree = "<group>"; };
		3D24DA1318FE0E8C0096B3BF /* CPTGraphHostingView.h */ = {isa = PBXFileReference; fileEncoding = 4; lastKnownFileType = sourcecode.c.h; path = CPTGraphHostingView.h; sourceTree = "<group>"; };
		3D24DA1418FE0E8C0096B3BF /* CPTGridLineGroup.h */ = {isa = PBXFileReference; fileEncoding = 4; lastKnownFileType = sourcecode.c.h; path = CPTGridLineGroup.h; sourceTree = "<group>"; };
		3D24DA1518FE0E8C0096B3BF /* CPTGridLines.h */ = {isa = PBXFileReference; fileEncoding = 4; lastKnownFileType = sourcecode.c.h; path = CPTGridLines.h; sourceTree = "<group>"; };
		3D24DA1618FE0E8C0096B3BF /* CPTImage.h */ = {isa = PBXFileReference; fileEncoding = 4; lastKnownFileType = sourcecode.c.h; path = CPTImage.h; sourceTree = "<group>"; };
		3D24DA1718FE0E8C0096B3BF /* CPTLayer.h */ = {isa = PBXFileReference; fileEncoding = 4; lastKnownFileType = sourcecode.c.h; path = CPTLayer.h; sourceTree = "<group>"; };
		3D24DA1818FE0E8C0096B3BF /* CPTLayerAnnotation.h */ = {isa = PBXFileReference; fileEncoding = 4; lastKnownFileType = sourcecode.c.h; path = CPTLayerAnnotation.h; sourceTree = "<group>"; };
		3D24DA1918FE0E8C0096B3BF /* CPTLegend.h */ = {isa = PBXFileReference; fileEncoding = 4; lastKnownFileType = sourcecode.c.h; path = CPTLegend.h; sourceTree = "<group>"; };
		3D24DA1A18FE0E8C0096B3BF /* CPTLegendEntry.h */ = {isa = PBXFileReference; fileEncoding = 4; lastKnownFileType = sourcecode.c.h; path = CPTLegendEntry.h; sourceTree = "<group>"; };
		3D24DA1B18FE0E8C0096B3BF /* CPTLimitBand.h */ = {isa = PBXFileReference; fileEncoding = 4; lastKnownFileType = sourcecode.c.h; path = CPTLimitBand.h; sourceTree = "<group>"; };
		3D24DA1C18FE0E8C0096B3BF /* CPTLineCap.h */ = {isa = PBXFileReference; fileEncoding = 4; lastKnownFileType = sourcecode.c.h; path = CPTLineCap.h; sourceTree = "<group>"; };
		3D24DA1D18FE0E8C0096B3BF /* CPTLineStyle.h */ = {isa = PBXFileReference; fileEncoding = 4; lastKnownFileType = sourcecode.c.h; path = CPTLineStyle.h; sourceTree = "<group>"; };
		3D24DA1E18FE0E8C0096B3BF /* CPTMutableLineStyle.h */ = {isa = PBXFileReference; fileEncoding = 4; lastKnownFileType = sourcecode.c.h; path = CPTMutableLineStyle.h; sourceTree = "<group>"; };
		3D24DA1F18FE0E8C0096B3BF /* CPTMutableNumericData+TypeConversion.h */ = {isa = PBXFileReference; fileEncoding = 4; lastKnownFileType = sourcecode.c.h; path = "CPTMutableNumericData+TypeConversion.h"; sourceTree = "<group>"; };
		3D24DA2018FE0E8C0096B3BF /* CPTMutableNumericData.h */ = {isa = PBXFileReference; fileEncoding = 4; lastKnownFileType = sourcecode.c.h; path = CPTMutableNumericData.h; sourceTree = "<group>"; };
		3D24DA2118FE0E8C0096B3BF /* CPTMutablePlotRange.h */ = {isa = PBXFileReference; fileEncoding = 4; lastKnownFileType = sourcecode.c.h; path = CPTMutablePlotRange.h; sourceTree = "<group>"; };
		3D24DA2218FE0E8C0096B3BF /* CPTMutableShadow.h */ = {isa = PBXFileReference; fileEncoding = 4; lastKnownFileType = sourcecode.c.h; path = CPTMutableShadow.h; sourceTree = "<group>"; };
		3D24DA2318FE0E8C0096B3BF /* CPTMutableTextStyle.h */ = {isa = PBXFileReference; fileEncoding = 4; lastKnownFileType = sourcecode.c.h; path = CPTMutableTextStyle.h; sourceTree = "<group>"; };
		3D24DA2418FE0E8C0096B3BF /* CPTNumericData+TypeConversion.h */ = {isa = PBXFileReference; fileEncoding = 4; lastKnownFileType = sourcecode.c.h; path = "CPTNumericData+TypeConversion.h"; sourceTree = "<group>"; };
		3D24DA2518FE0E8C0096B3BF /* CPTNumericData.h */ = {isa = PBXFileReference; fileEncoding = 4; lastKnownFileType = sourcecode.c.h; path = CPTNumericData.h; sourceTree = "<group>"; };
		3D24DA2618FE0E8C0096B3BF /* CPTNumericDataType.h */ = {isa = PBXFileReference; fileEncoding = 4; lastKnownFileType = sourcecode.c.h; path = CPTNumericDataType.h; sourceTree = "<group>"; };
		3D24DA2718FE0E8C0096B3BF /* CPTPathExtensions.h */ = {isa = PBXFileReference; fileEncoding = 4; lastKnownFileType = sourcecode.c.h; path = CPTPathExtensions.h; sourceTree = "<group>"; };
		3D24DA2818FE0E8C0096B3BF /* CPTPieChart.h */ = {isa = PBXFileReference; fileEncoding = 4; lastKnownFileType = sourcecode.c.h; path = CPTPieChart.h; sourceTree = "<group>"; };
		3D24DA2918FE0E8C0096B3BF /* CPTPlatformSpecificCategories.h */ = {isa = PBXFileReference; fileEncoding = 4; lastKnownFileType = sourcecode.c.h; path = CPTPlatformSpecificCategories.h; sourceTree = "<group>"; };
		3D24DA2A18FE0E8C0096B3BF /* CPTPlatformSpecificDefines.h */ = {isa = PBXFileReference; fileEncoding = 4; lastKnownFileType = sourcecode.c.h; path = CPTPlatformSpecificDefines.h; sourceTree = "<group>"; };
		3D24DA2B18FE0E8C0096B3BF /* CPTPlatformSpecificFunctions.h */ = {isa = PBXFileReference; fileEncoding = 4; lastKnownFileType = sourcecode.c.h; path = CPTPlatformSpecificFunctions.h; sourceTree = "<group>"; };
		3D24DA2C18FE0E8C0096B3BF /* CPTPlot.h */ = {isa = PBXFileReference; fileEncoding = 4; lastKnownFileType = sourcecode.c.h; path = CPTPlot.h; sourceTree = "<group>"; };
		3D24DA2D18FE0E8C0096B3BF /* CPTPlotArea.h */ = {isa = PBXFileReference; fileEncoding = 4; lastKnownFileType = sourcecode.c.h; path = CPTPlotArea.h; sourceTree = "<group>"; };
		3D24DA2E18FE0E8C0096B3BF /* CPTPlotAreaFrame.h */ = {isa = PBXFileReference; fileEncoding = 4; lastKnownFileType = sourcecode.c.h; path = CPTPlotAreaFrame.h; sourceTree = "<group>"; };
		3D24DA2F18FE0E8C0096B3BF /* CPTPlotGroup.h */ = {isa = PBXFileReference; fileEncoding = 4; lastKnownFileType = sourcecode.c.h; path = CPTPlotGroup.h; sourceTree = "<group>"; };
		3D24DA3018FE0E8C0096B3BF /* CPTPlotRange.h */ = {isa = PBXFileReference; fileEncoding = 4; lastKnownFileType = sourcecode.c.h; path = CPTPlotRange.h; sourceTree = "<group>"; };
		3D24DA3118FE0E8C0096B3BF /* CPTPlotSpace.h */ = {isa = PBXFileReference; fileEncoding = 4; lastKnownFileType = sourcecode.c.h; path = CPTPlotSpace.h; sourceTree = "<group>"; };
		3D24DA3218FE0E8C0096B3BF /* CPTPlotSpaceAnnotation.h */ = {isa = PBXFileReference; fileEncoding = 4; lastKnownFileType = sourcecode.c.h; path = CPTPlotSpaceAnnotation.h; sourceTree = "<group>"; };
		3D24DA3318FE0E8C0096B3BF /* CPTPlotSymbol.h */ = {isa = PBXFileReference; fileEncoding = 4; lastKnownFileType = sourcecode.c.h; path = CPTPlotSymbol.h; sourceTree = "<group>"; };
		3D24DA3418FE0E8C0096B3BF /* CPTRangePlot.h */ = {isa = PBXFileReference; fileEncoding = 4; lastKnownFileType = sourcecode.c.h; path = CPTRangePlot.h; sourceTree = "<group>"; };
		3D24DA3518FE0E8C0096B3BF /* CPTResponder.h */ = {isa = PBXFileReference; fileEncoding = 4; lastKnownFileType = sourcecode.c.h; path = CPTResponder.h; sourceTree = "<group>"; };
		3D24DA3618FE0E8C0096B3BF /* CPTScatterPlot.h */ = {isa = PBXFileReference; fileEncoding = 4; lastKnownFileType = sourcecode.c.h; path = CPTScatterPlot.h; sourceTree = "<group>"; };
		3D24DA3718FE0E8C0096B3BF /* CPTShadow.h */ = {isa = PBXFileReference; fileEncoding = 4; lastKnownFileType = sourcecode.c.h; path = CPTShadow.h; sourceTree = "<group>"; };
		3D24DA3818FE0E8C0096B3BF /* CPTTestCase.h */ = {isa = PBXFileReference; fileEncoding = 4; lastKnownFileType = sourcecode.c.h; path = CPTTestCase.h; sourceTree = "<group>"; };
		3D24DA3918FE0E8C0096B3BF /* CPTTextLayer.h */ = {isa = PBXFileReference; fileEncoding = 4; lastKnownFileType = sourcecode.c.h; path = CPTTextLayer.h; sourceTree = "<group>"; };
		3D24DA3A18FE0E8C0096B3BF /* CPTTextStyle.h */ = {isa = PBXFileReference; fileEncoding = 4; lastKnownFileType = sourcecode.c.h; path = CPTTextStyle.h; sourceTree = "<group>"; };
		3D24DA3B18FE0E8C0096B3BF /* CPTTextStylePlatformSpecific.h */ = {isa = PBXFileReference; fileEncoding = 4; lastKnownFileType = sourcecode.c.h; path = CPTTextStylePlatformSpecific.h; sourceTree = "<group>"; };
		3D24DA3C18FE0E8C0096B3BF /* CPTTheme.h */ = {isa = PBXFileReference; fileEncoding = 4; lastKnownFileType = sourcecode.c.h; path = CPTTheme.h; sourceTree = "<group>"; };
		3D24DA3D18FE0E8C0096B3BF /* CPTTimeFormatter.h */ = {isa = PBXFileReference; fileEncoding = 4; lastKnownFileType = sourcecode.c.h; path = CPTTimeFormatter.h; sourceTree = "<group>"; };
		3D24DA3E18FE0E8C0096B3BF /* CPTTradingRangePlot.h */ = {isa = PBXFileReference; fileEncoding = 4; lastKnownFileType = sourcecode.c.h; path = CPTTradingRangePlot.h; sourceTree = "<group>"; };
		3D24DA3F18FE0E8C0096B3BF /* CPTUtilities.h */ = {isa = PBXFileReference; fileEncoding = 4; lastKnownFileType = sourcecode.c.h; path = CPTUtilities.h; sourceTree = "<group>"; };
		3D24DA4018FE0E8C0096B3BF /* CPTXYAxis.h */ = {isa = PBXFileReference; fileEncoding = 4; lastKnownFileType = sourcecode.c.h; path = CPTXYAxis.h; sourceTree = "<group>"; };
		3D24DA4118FE0E8C0096B3BF /* CPTXYAxisSet.h */ = {isa = PBXFileReference; fileEncoding = 4; lastKnownFileType = sourcecode.c.h; path = CPTXYAxisSet.h; sourceTree = "<group>"; };
		3D24DA4218FE0E8C0096B3BF /* CPTXYGraph.h */ = {isa = PBXFileReference; fileEncoding = 4; lastKnownFileType = sourcecode.c.h; path = CPTXYGraph.h; sourceTree = "<group>"; };
		3D24DA4318FE0E8C0096B3BF /* CPTXYPlotSpace.h */ = {isa = PBXFileReference; fileEncoding = 4; lastKnownFileType = sourcecode.c.h; path = CPTXYPlotSpace.h; sourceTree = "<group>"; };
		3D24DA4418FE0E8C0096B3BF /* mainpage.h */ = {isa = PBXFileReference; fileEncoding = 4; lastKnownFileType = sourcecode.c.h; path = mainpage.h; sourceTree = "<group>"; };
		3D24DA4518FE0E8C0096B3BF /* NSCoderExtensions.h */ = {isa = PBXFileReference; fileEncoding = 4; lastKnownFileType = sourcecode.c.h; path = NSCoderExtensions.h; sourceTree = "<group>"; };
		3D24DA4618FE0E8C0096B3BF /* NSDecimalNumberExtensions.h */ = {isa = PBXFileReference; fileEncoding = 4; lastKnownFileType = sourcecode.c.h; path = NSDecimalNumberExtensions.h; sourceTree = "<group>"; };
		3D24DA4718FE0E8C0096B3BF /* NSNumberExtensions.h */ = {isa = PBXFileReference; fileEncoding = 4; lastKnownFileType = sourcecode.c.h; path = NSNumberExtensions.h; sourceTree = "<group>"; };
		3D24DA4918FE0F1B0096B3BF /* libCorePlot-CocoaTouch.a */ = {isa = PBXFileReference; lastKnownFileType = archive.ar; path = "libCorePlot-CocoaTouch.a"; sourceTree = "<group>"; };
		3D24DA4D18FE11EF0096B3BF /* Parse.framework */ = {isa = PBXFileReference; lastKnownFileType = wrapper.framework; path = Parse.framework; sourceTree = "<group>"; };
		3DBDBC8A18F2893C006658EC /* confidence.app */ = {isa = PBXFileReference; explicitFileType = wrapper.application; includeInIndex = 0; path = confidence.app; sourceTree = BUILT_PRODUCTS_DIR; };
		3DBDBC8D18F2893C006658EC /* Foundation.framework */ = {isa = PBXFileReference; lastKnownFileType = wrapper.framework; name = Foundation.framework; path = System/Library/Frameworks/Foundation.framework; sourceTree = SDKROOT; };
		3DBDBC8F18F2893C006658EC /* CoreGraphics.framework */ = {isa = PBXFileReference; lastKnownFileType = wrapper.framework; name = CoreGraphics.framework; path = System/Library/Frameworks/CoreGraphics.framework; sourceTree = SDKROOT; };
		3DBDBC9118F2893C006658EC /* UIKit.framework */ = {isa = PBXFileReference; lastKnownFileType = wrapper.framework; name = UIKit.framework; path = System/Library/Frameworks/UIKit.framework; sourceTree = SDKROOT; };
		3DBDBC9518F2893C006658EC /* confidence-Info.plist */ = {isa = PBXFileReference; lastKnownFileType = text.plist.xml; path = "confidence-Info.plist"; sourceTree = "<group>"; };
		3DBDBC9718F2893C006658EC /* en */ = {isa = PBXFileReference; lastKnownFileType = text.plist.strings; name = en; path = en.lproj/InfoPlist.strings; sourceTree = "<group>"; };
		3DBDBC9918F2893C006658EC /* main.m */ = {isa = PBXFileReference; lastKnownFileType = sourcecode.c.objc; path = main.m; sourceTree = "<group>"; };
		3DBDBC9B18F2893C006658EC /* confidence-Prefix.pch */ = {isa = PBXFileReference; lastKnownFileType = sourcecode.c.h; path = "confidence-Prefix.pch"; sourceTree = "<group>"; };
		3DBDBC9C18F2893C006658EC /* RBWAppDelegate.h */ = {isa = PBXFileReference; lastKnownFileType = sourcecode.c.h; path = RBWAppDelegate.h; sourceTree = "<group>"; };
		3DBDBC9D18F2893C006658EC /* RBWAppDelegate.m */ = {isa = PBXFileReference; lastKnownFileType = sourcecode.c.objc; path = RBWAppDelegate.m; sourceTree = "<group>"; };
		3DBDBC9F18F2893C006658EC /* Images.xcassets */ = {isa = PBXFileReference; lastKnownFileType = folder.assetcatalog; path = Images.xcassets; sourceTree = "<group>"; };
		3DBDBCA518F2893C006658EC /* confidenceTests.xctest */ = {isa = PBXFileReference; explicitFileType = wrapper.cfbundle; includeInIndex = 0; path = confidenceTests.xctest; sourceTree = BUILT_PRODUCTS_DIR; };
		3DBDBCA618F2893C006658EC /* XCTest.framework */ = {isa = PBXFileReference; lastKnownFileType = wrapper.framework; name = XCTest.framework; path = Library/Frameworks/XCTest.framework; sourceTree = DEVELOPER_DIR; };
		3DBDBCAE18F2893C006658EC /* confidenceTests-Info.plist */ = {isa = PBXFileReference; lastKnownFileType = text.plist.xml; path = "confidenceTests-Info.plist"; sourceTree = "<group>"; };
		3DBDBCB018F2893C006658EC /* en */ = {isa = PBXFileReference; lastKnownFileType = text.plist.strings; name = en; path = en.lproj/InfoPlist.strings; sourceTree = "<group>"; };
		3DBDBCB218F2893C006658EC /* confidenceTests.m */ = {isa = PBXFileReference; lastKnownFileType = sourcecode.c.objc; path = confidenceTests.m; sourceTree = "<group>"; };
		3DDAB87818F32530006E4AC9 /* AudioToolbox.framework */ = {isa = PBXFileReference; lastKnownFileType = wrapper.framework; name = AudioToolbox.framework; path = System/Library/Frameworks/AudioToolbox.framework; sourceTree = SDKROOT; };
		3DDAB87A18F32576006E4AC9 /* CFNetwork.framework */ = {isa = PBXFileReference; lastKnownFileType = wrapper.framework; name = CFNetwork.framework; path = System/Library/Frameworks/CFNetwork.framework; sourceTree = SDKROOT; };
		3DDAB87B18F32576006E4AC9 /* CoreLocation.framework */ = {isa = PBXFileReference; lastKnownFileType = wrapper.framework; name = CoreLocation.framework; path = System/Library/Frameworks/CoreLocation.framework; sourceTree = SDKROOT; };
		3DDAB87C18F32576006E4AC9 /* libz.dylib */ = {isa = PBXFileReference; lastKnownFileType = "compiled.mach-o.dylib"; name = libz.dylib; path = usr/lib/libz.dylib; sourceTree = SDKROOT; };
		3DDAB87D18F32576006E4AC9 /* MobileCoreServices.framework */ = {isa = PBXFileReference; lastKnownFileType = wrapper.framework; name = MobileCoreServices.framework; path = System/Library/Frameworks/MobileCoreServices.framework; sourceTree = SDKROOT; };
		3DDAB87E18F32576006E4AC9 /* QuartzCore.framework */ = {isa = PBXFileReference; lastKnownFileType = wrapper.framework; name = QuartzCore.framework; path = System/Library/Frameworks/QuartzCore.framework; sourceTree = SDKROOT; };
		3DDAB87F18F32576006E4AC9 /* Security.framework */ = {isa = PBXFileReference; lastKnownFileType = wrapper.framework; name = Security.framework; path = System/Library/Frameworks/Security.framework; sourceTree = SDKROOT; };
		3DDAB88018F32576006E4AC9 /* StoreKit.framework */ = {isa = PBXFileReference; lastKnownFileType = wrapper.framework; name = StoreKit.framework; path = System/Library/Frameworks/StoreKit.framework; sourceTree = SDKROOT; };
		3DDAB88118F32576006E4AC9 /* SystemConfiguration.framework */ = {isa = PBXFileReference; lastKnownFileType = wrapper.framework; name = SystemConfiguration.framework; path = System/Library/Frameworks/SystemConfiguration.framework; sourceTree = SDKROOT; };
		3DDAB88A18F32ACD006E4AC9 /* RBWLogInViewController.h */ = {isa = PBXFileReference; fileEncoding = 4; lastKnownFileType = sourcecode.c.h; path = RBWLogInViewController.h; sourceTree = "<group>"; };
		3DDAB88B18F32ACD006E4AC9 /* RBWLogInViewController.m */ = {isa = PBXFileReference; fileEncoding = 4; lastKnownFileType = sourcecode.c.objc; path = RBWLogInViewController.m; sourceTree = "<group>"; };
		3DDAB88D18F32C71006E4AC9 /* Main.storyboard */ = {isa = PBXFileReference; fileEncoding = 4; lastKnownFileType = file.storyboard; name = Main.storyboard; path = confidence/Main.storyboard; sourceTree = "<group>"; };
		3DDAB88F18F349CD006E4AC9 /* RBWRegisterViewController.h */ = {isa = PBXFileReference; fileEncoding = 4; lastKnownFileType = sourcecode.c.h; name = RBWRegisterViewController.h; path = ../RBWRegisterViewController.h; sourceTree = "<group>"; };
		3DDAB89018F349CD006E4AC9 /* RBWRegisterViewController.m */ = {isa = PBXFileReference; fileEncoding = 4; lastKnownFileType = sourcecode.c.objc; name = RBWRegisterViewController.m; path = ../RBWRegisterViewController.m; sourceTree = "<group>"; };
		3DDAB89518F3B3E8006E4AC9 /* RBWTClassCreatorViewController.h */ = {isa = PBXFileReference; fileEncoding = 4; lastKnownFileType = sourcecode.c.h; path = RBWTClassCreatorViewController.h; sourceTree = "<group>"; };
		3DDAB89618F3B3E8006E4AC9 /* RBWTClassCreatorViewController.m */ = {isa = PBXFileReference; fileEncoding = 4; lastKnownFileType = sourcecode.c.objc; path = RBWTClassCreatorViewController.m; sourceTree = "<group>"; };
		3DDAB89B18F3B787006E4AC9 /* RBWTeacherTableViewController.h */ = {isa = PBXFileReference; fileEncoding = 4; lastKnownFileType = sourcecode.c.h; path = RBWTeacherTableViewController.h; sourceTree = "<group>"; };
		3DDAB89C18F3B787006E4AC9 /* RBWTeacherTableViewController.m */ = {isa = PBXFileReference; fileEncoding = 4; lastKnownFileType = sourcecode.c.objc; path = RBWTeacherTableViewController.m; sourceTree = "<group>"; };
		3DDAB89E18F3B875006E4AC9 /* RBWCourse.h */ = {isa = PBXFileReference; fileEncoding = 4; lastKnownFileType = sourcecode.c.h; path = RBWCourse.h; sourceTree = "<group>"; };
		3DDAB89F18F3B875006E4AC9 /* RBWCourse.m */ = {isa = PBXFileReference; fileEncoding = 4; lastKnownFileType = sourcecode.c.objc; path = RBWCourse.m; sourceTree = "<group>"; };
		3DDAB8A118F46D94006E4AC9 /* RBWSelectCoursesTableViewController.h */ = {isa = PBXFileReference; fileEncoding = 4; lastKnownFileType = sourcecode.c.h; path = RBWSelectCoursesTableViewController.h; sourceTree = "<group>"; };
		3DDAB8A218F46D94006E4AC9 /* RBWSelectCoursesTableViewController.m */ = {isa = PBXFileReference; fileEncoding = 4; lastKnownFileType = sourcecode.c.objc; path = RBWSelectCoursesTableViewController.m; sourceTree = "<group>"; };
		3DDAB8A418F4A2DA006E4AC9 /* RBWStudentTableViewController.h */ = {isa = PBXFileReference; fileEncoding = 4; lastKnownFileType = sourcecode.c.h; path = RBWStudentTableViewController.h; sourceTree = "<group>"; };
		3DDAB8A518F4A2DA006E4AC9 /* RBWStudentTableViewController.m */ = {isa = PBXFileReference; fileEncoding = 4; lastKnownFileType = sourcecode.c.objc; path = RBWStudentTableViewController.m; sourceTree = "<group>"; };
		3DF81C7318F667AF00F46EA2 /* RBWFeelingViewController.h */ = {isa = PBXFileReference; fileEncoding = 4; lastKnownFileType = sourcecode.c.h; path = RBWFeelingViewController.h; sourceTree = "<group>"; };
		3DF81C7418F667AF00F46EA2 /* RBWFeelingViewController.m */ = {isa = PBXFileReference; fileEncoding = 4; lastKnownFileType = sourcecode.c.objc; path = RBWFeelingViewController.m; sourceTree = "<group>"; };
		3DF81C7618F9C93400F46EA2 /* RBWTeacherClassViewController.h */ = {isa = PBXFileReference; fileEncoding = 4; lastKnownFileType = sourcecode.c.h; path = RBWTeacherClassViewController.h; sourceTree = "<group>"; };
		3DF81C7718F9C93400F46EA2 /* RBWTeacherClassViewController.m */ = {isa = PBXFileReference; fileEncoding = 4; lastKnownFileType = sourcecode.c.objc; path = RBWTeacherClassViewController.m; sourceTree = "<group>"; };
		3DF81C7C18FA272300F46EA2 /* RBWSentiment.h */ = {isa = PBXFileReference; fileEncoding = 4; lastKnownFileType = sourcecode.c.h; path = RBWSentiment.h; sourceTree = "<group>"; };
		3DF81C7D18FA272300F46EA2 /* RBWSentiment.m */ = {isa = PBXFileReference; fileEncoding = 4; lastKnownFileType = sourcecode.c.objc; path = RBWSentiment.m; sourceTree = "<group>"; };
		3DF81CDC18FAFBD700F46EA2 /* Accelerate.framework */ = {isa = PBXFileReference; lastKnownFileType = wrapper.framework; name = Accelerate.framework; path = System/Library/Frameworks/Accelerate.framework; sourceTree = SDKROOT; };
/* End PBXFileReference section */

/* Begin PBXFrameworksBuildPhase section */
		3DBDBC8718F2893C006658EC /* Frameworks */ = {
			isa = PBXFrameworksBuildPhase;
			buildActionMask = 2147483647;
			files = (
				3D24DA4B18FE0F2D0096B3BF /* libCorePlot-CocoaTouch.a in Frameworks */,
				3DF81CDD18FAFBD700F46EA2 /* Accelerate.framework in Frameworks */,
				3DDAB88618F32576006E4AC9 /* QuartzCore.framework in Frameworks */,
				3DDAB88218F32576006E4AC9 /* CFNetwork.framework in Frameworks */,
				3D24DA4E18FE11EF0096B3BF /* Parse.framework in Frameworks */,
				3DDAB88318F32576006E4AC9 /* CoreLocation.framework in Frameworks */,
				3DDAB88418F32576006E4AC9 /* libz.dylib in Frameworks */,
				3DDAB88518F32576006E4AC9 /* MobileCoreServices.framework in Frameworks */,
				3DDAB88718F32576006E4AC9 /* Security.framework in Frameworks */,
				3DDAB88818F32576006E4AC9 /* StoreKit.framework in Frameworks */,
				3DDAB88918F32576006E4AC9 /* SystemConfiguration.framework in Frameworks */,
				3DBDBC9018F2893C006658EC /* CoreGraphics.framework in Frameworks */,
				3DDAB87918F32530006E4AC9 /* AudioToolbox.framework in Frameworks */,
				3DBDBC9218F2893C006658EC /* UIKit.framework in Frameworks */,
				3DBDBC8E18F2893C006658EC /* Foundation.framework in Frameworks */,
			);
			runOnlyForDeploymentPostprocessing = 0;
		};
		3DBDBCA218F2893C006658EC /* Frameworks */ = {
			isa = PBXFrameworksBuildPhase;
			buildActionMask = 2147483647;
			files = (
				3DBDBCA718F2893C006658EC /* XCTest.framework in Frameworks */,
				3DBDBCA918F2893C006658EC /* UIKit.framework in Frameworks */,
				3DBDBCA818F2893C006658EC /* Foundation.framework in Frameworks */,
			);
			runOnlyForDeploymentPostprocessing = 0;
		};
/* End PBXFrameworksBuildPhase section */

/* Begin PBXGroup section */
		3D24D9F918FE0E8C0096B3BF /* CorePlotHeaders */ = {
			isa = PBXGroup;
			children = (
				3D24D9FA18FE0E8C0096B3BF /* CorePlot-CocoaTouch.h */,
				3D24D9FB18FE0E8C0096B3BF /* CPTAnimation.h */,
				3D24D9FC18FE0E8C0096B3BF /* CPTAnimationOperation.h */,
				3D24D9FD18FE0E8C0096B3BF /* CPTAnimationPeriod.h */,
				3D24D9FE18FE0E8C0096B3BF /* CPTAnnotation.h */,
				3D24D9FF18FE0E8C0096B3BF /* CPTAnnotationHostLayer.h */,
				3D24DA0018FE0E8C0096B3BF /* CPTAxis.h */,
				3D24DA0118FE0E8C0096B3BF /* CPTAxisLabel.h */,
				3D24DA0218FE0E8C0096B3BF /* CPTAxisLabelGroup.h */,
				3D24DA0318FE0E8C0096B3BF /* CPTAxisSet.h */,
				3D24DA0418FE0E8C0096B3BF /* CPTAxisTitle.h */,
				3D24DA0518FE0E8C0096B3BF /* CPTBarPlot.h */,
				3D24DA0618FE0E8C0096B3BF /* CPTBorderedLayer.h */,
				3D24DA0718FE0E8C0096B3BF /* CPTCalendarFormatter.h */,
				3D24DA0818FE0E8C0096B3BF /* CPTColor.h */,
				3D24DA0918FE0E8C0096B3BF /* CPTColorSpace.h */,
				3D24DA0A18FE0E8C0096B3BF /* CPTConstraints.h */,
				3D24DA0B18FE0E8C0096B3BF /* CPTDataSourceTestCase.h */,
				3D24DA0C18FE0E8C0096B3BF /* CPTDefinitions.h */,
				3D24DA0D18FE0E8C0096B3BF /* CPTDerivedXYGraph.h */,
				3D24DA0E18FE0E8C0096B3BF /* CPTExceptions.h */,
				3D24DA0F18FE0E8C0096B3BF /* CPTFill.h */,
				3D24DA1018FE0E8C0096B3BF /* CPTFunctionDataSource.h */,
				3D24DA1118FE0E8C0096B3BF /* CPTGradient.h */,
				3D24DA1218FE0E8C0096B3BF /* CPTGraph.h */,
				3D24DA1318FE0E8C0096B3BF /* CPTGraphHostingView.h */,
				3D24DA1418FE0E8C0096B3BF /* CPTGridLineGroup.h */,
				3D24DA1518FE0E8C0096B3BF /* CPTGridLines.h */,
				3D24DA1618FE0E8C0096B3BF /* CPTImage.h */,
				3D24DA1718FE0E8C0096B3BF /* CPTLayer.h */,
				3D24DA1818FE0E8C0096B3BF /* CPTLayerAnnotation.h */,
				3D24DA1918FE0E8C0096B3BF /* CPTLegend.h */,
				3D24DA1A18FE0E8C0096B3BF /* CPTLegendEntry.h */,
				3D24DA1B18FE0E8C0096B3BF /* CPTLimitBand.h */,
				3D24DA1C18FE0E8C0096B3BF /* CPTLineCap.h */,
				3D24DA1D18FE0E8C0096B3BF /* CPTLineStyle.h */,
				3D24DA1E18FE0E8C0096B3BF /* CPTMutableLineStyle.h */,
				3D24DA1F18FE0E8C0096B3BF /* CPTMutableNumericData+TypeConversion.h */,
				3D24DA2018FE0E8C0096B3BF /* CPTMutableNumericData.h */,
				3D24DA2118FE0E8C0096B3BF /* CPTMutablePlotRange.h */,
				3D24DA2218FE0E8C0096B3BF /* CPTMutableShadow.h */,
				3D24DA2318FE0E8C0096B3BF /* CPTMutableTextStyle.h */,
				3D24DA2418FE0E8C0096B3BF /* CPTNumericData+TypeConversion.h */,
				3D24DA2518FE0E8C0096B3BF /* CPTNumericData.h */,
				3D24DA2618FE0E8C0096B3BF /* CPTNumericDataType.h */,
				3D24DA2718FE0E8C0096B3BF /* CPTPathExtensions.h */,
				3D24DA2818FE0E8C0096B3BF /* CPTPieChart.h */,
				3D24DA2918FE0E8C0096B3BF /* CPTPlatformSpecificCategories.h */,
				3D24DA2A18FE0E8C0096B3BF /* CPTPlatformSpecificDefines.h */,
				3D24DA2B18FE0E8C0096B3BF /* CPTPlatformSpecificFunctions.h */,
				3D24DA2C18FE0E8C0096B3BF /* CPTPlot.h */,
				3D24DA2D18FE0E8C0096B3BF /* CPTPlotArea.h */,
				3D24DA2E18FE0E8C0096B3BF /* CPTPlotAreaFrame.h */,
				3D24DA2F18FE0E8C0096B3BF /* CPTPlotGroup.h */,
				3D24DA3018FE0E8C0096B3BF /* CPTPlotRange.h */,
				3D24DA3118FE0E8C0096B3BF /* CPTPlotSpace.h */,
				3D24DA3218FE0E8C0096B3BF /* CPTPlotSpaceAnnotation.h */,
				3D24DA3318FE0E8C0096B3BF /* CPTPlotSymbol.h */,
				3D24DA3418FE0E8C0096B3BF /* CPTRangePlot.h */,
				3D24DA3518FE0E8C0096B3BF /* CPTResponder.h */,
				3D24DA3618FE0E8C0096B3BF /* CPTScatterPlot.h */,
				3D24DA3718FE0E8C0096B3BF /* CPTShadow.h */,
				3D24DA3818FE0E8C0096B3BF /* CPTTestCase.h */,
				3D24DA3918FE0E8C0096B3BF /* CPTTextLayer.h */,
				3D24DA3A18FE0E8C0096B3BF /* CPTTextStyle.h */,
				3D24DA3B18FE0E8C0096B3BF /* CPTTextStylePlatformSpecific.h */,
				3D24DA3C18FE0E8C0096B3BF /* CPTTheme.h */,
				3D24DA3D18FE0E8C0096B3BF /* CPTTimeFormatter.h */,
				3D24DA3E18FE0E8C0096B3BF /* CPTTradingRangePlot.h */,
				3D24DA3F18FE0E8C0096B3BF /* CPTUtilities.h */,
				3D24DA4018FE0E8C0096B3BF /* CPTXYAxis.h */,
				3D24DA4118FE0E8C0096B3BF /* CPTXYAxisSet.h */,
				3D24DA4218FE0E8C0096B3BF /* CPTXYGraph.h */,
				3D24DA4318FE0E8C0096B3BF /* CPTXYPlotSpace.h */,
				3D24DA4418FE0E8C0096B3BF /* mainpage.h */,
				3D24DA4518FE0E8C0096B3BF /* NSCoderExtensions.h */,
				3D24DA4618FE0E8C0096B3BF /* NSDecimalNumberExtensions.h */,
				3D24DA4718FE0E8C0096B3BF /* NSNumberExtensions.h */,
			);
			path = CorePlotHeaders;
			sourceTree = "<group>";
		};
		3DBDBC8118F2893C006658EC = {
			isa = PBXGroup;
			children = (
				3D24DA4918FE0F1B0096B3BF /* libCorePlot-CocoaTouch.a */,
				3DDAB88D18F32C71006E4AC9 /* Main.storyboard */,
				3D24D9F918FE0E8C0096B3BF /* CorePlotHeaders */,
				3DBDBC9318F2893C006658EC /* confidence */,
				3DBDBCAC18F2893C006658EC /* confidenceTests */,
				3DBDBC8C18F2893C006658EC /* Frameworks */,
				3DBDBC8B18F2893C006658EC /* Products */,
			);
			sourceTree = "<group>";
		};
		3DBDBC8B18F2893C006658EC /* Products */ = {
			isa = PBXGroup;
			children = (
				3DBDBC8A18F2893C006658EC /* confidence.app */,
				3DBDBCA518F2893C006658EC /* confidenceTests.xctest */,
			);
			name = Products;
			sourceTree = "<group>";
		};
		3DBDBC8C18F2893C006658EC /* Frameworks */ = {
			isa = PBXGroup;
			children = (
				3D24DA4D18FE11EF0096B3BF /* Parse.framework */,
				3DF81CDC18FAFBD700F46EA2 /* Accelerate.framework */,
				3DDAB87A18F32576006E4AC9 /* CFNetwork.framework */,
				3DDAB87B18F32576006E4AC9 /* CoreLocation.framework */,
				3DDAB87C18F32576006E4AC9 /* libz.dylib */,
				3DDAB87D18F32576006E4AC9 /* MobileCoreServices.framework */,
				3DDAB87E18F32576006E4AC9 /* QuartzCore.framework */,
				3DDAB87F18F32576006E4AC9 /* Security.framework */,
				3DDAB88018F32576006E4AC9 /* StoreKit.framework */,
				3DDAB88118F32576006E4AC9 /* SystemConfiguration.framework */,
				3DDAB87818F32530006E4AC9 /* AudioToolbox.framework */,
				3DBDBC8D18F2893C006658EC /* Foundation.framework */,
				3DBDBC8F18F2893C006658EC /* CoreGraphics.framework */,
				3DBDBC9118F2893C006658EC /* UIKit.framework */,
				3DBDBCA618F2893C006658EC /* XCTest.framework */,
			);
			name = Frameworks;
			sourceTree = "<group>";
		};
		3DBDBC9318F2893C006658EC /* confidence */ = {
			isa = PBXGroup;
			children = (
				3DDAB88F18F349CD006E4AC9 /* RBWRegisterViewController.h */,
				3DDAB89018F349CD006E4AC9 /* RBWRegisterViewController.m */,
				3DBDBC9C18F2893C006658EC /* RBWAppDelegate.h */,
				3DBDBC9D18F2893C006658EC /* RBWAppDelegate.m */,
				3DDAB88A18F32ACD006E4AC9 /* RBWLogInViewController.h */,
				3DDAB88B18F32ACD006E4AC9 /* RBWLogInViewController.m */,
				3DF81C7618F9C93400F46EA2 /* RBWTeacherClassViewController.h */,
				3DF81C7718F9C93400F46EA2 /* RBWTeacherClassViewController.m */,
				3DBDBC9F18F2893C006658EC /* Images.xcassets */,
				3DBDBC9418F2893C006658EC /* Supporting Files */,
				3DDAB89518F3B3E8006E4AC9 /* RBWTClassCreatorViewController.h */,
				3DDAB89618F3B3E8006E4AC9 /* RBWTClassCreatorViewController.m */,
				3DDAB89B18F3B787006E4AC9 /* RBWTeacherTableViewController.h */,
				3DDAB89C18F3B787006E4AC9 /* RBWTeacherTableViewController.m */,
				3DDAB89E18F3B875006E4AC9 /* RBWCourse.h */,
				3DDAB89F18F3B875006E4AC9 /* RBWCourse.m */,
				3DDAB8A118F46D94006E4AC9 /* RBWSelectCoursesTableViewController.h */,
				3DDAB8A218F46D94006E4AC9 /* RBWSelectCoursesTableViewController.m */,
				3DF81C7318F667AF00F46EA2 /* RBWFeelingViewController.h */,
				3DF81C7418F667AF00F46EA2 /* RBWFeelingViewController.m */,
				3DDAB8A418F4A2DA006E4AC9 /* RBWStudentTableViewController.h */,
				3DDAB8A518F4A2DA006E4AC9 /* RBWStudentTableViewController.m */,
				3DF81C7C18FA272300F46EA2 /* RBWSentiment.h */,
				3DF81C7D18FA272300F46EA2 /* RBWSentiment.m */,
			);
			path = confidence;
			sourceTree = "<group>";
		};
		3DBDBC9418F2893C006658EC /* Supporting Files */ = {
			isa = PBXGroup;
			children = (
				3DBDBC9518F2893C006658EC /* confidence-Info.plist */,
				3DBDBC9618F2893C006658EC /* InfoPlist.strings */,
				3DBDBC9918F2893C006658EC /* main.m */,
				3DBDBC9B18F2893C006658EC /* confidence-Prefix.pch */,
			);
			name = "Supporting Files";
			sourceTree = "<group>";
		};
		3DBDBCAC18F2893C006658EC /* confidenceTests */ = {
			isa = PBXGroup;
			children = (
				3DBDBCB218F2893C006658EC /* confidenceTests.m */,
				3DBDBCAD18F2893C006658EC /* Supporting Files */,
			);
			path = confidenceTests;
			sourceTree = "<group>";
		};
		3DBDBCAD18F2893C006658EC /* Supporting Files */ = {
			isa = PBXGroup;
			children = (
				3DBDBCAE18F2893C006658EC /* confidenceTests-Info.plist */,
				3DBDBCAF18F2893C006658EC /* InfoPlist.strings */,
			);
			name = "Supporting Files";
			sourceTree = "<group>";
		};
/* End PBXGroup section */

/* Begin PBXNativeTarget section */
		3DBDBC8918F2893C006658EC /* confidence */ = {
			isa = PBXNativeTarget;
			buildConfigurationList = 3DBDBCB618F2893C006658EC /* Build configuration list for PBXNativeTarget "confidence" */;
			buildPhases = (
				3DBDBC8618F2893C006658EC /* Sources */,
				3DBDBC8718F2893C006658EC /* Frameworks */,
				3DBDBC8818F2893C006658EC /* Resources */,
			);
			buildRules = (
			);
			dependencies = (
			);
			name = confidence;
			productName = confidence;
			productReference = 3DBDBC8A18F2893C006658EC /* confidence.app */;
			productType = "com.apple.product-type.application";
		};
		3DBDBCA418F2893C006658EC /* confidenceTests */ = {
			isa = PBXNativeTarget;
			buildConfigurationList = 3DBDBCB918F2893C006658EC /* Build configuration list for PBXNativeTarget "confidenceTests" */;
			buildPhases = (
				3DBDBCA118F2893C006658EC /* Sources */,
				3DBDBCA218F2893C006658EC /* Frameworks */,
				3DBDBCA318F2893C006658EC /* Resources */,
			);
			buildRules = (
			);
			dependencies = (
				3DBDBCAB18F2893C006658EC /* PBXTargetDependency */,
			);
			name = confidenceTests;
			productName = confidenceTests;
			productReference = 3DBDBCA518F2893C006658EC /* confidenceTests.xctest */;
			productType = "com.apple.product-type.bundle.unit-test";
		};
/* End PBXNativeTarget section */

/* Begin PBXProject section */
		3DBDBC8218F2893C006658EC /* Project object */ = {
			isa = PBXProject;
			attributes = {
				CLASSPREFIX = RBW;
				LastUpgradeCheck = 0510;
				ORGANIZATIONNAME = Raemond;
				TargetAttributes = {
					3DBDBCA418F2893C006658EC = {
						TestTargetID = 3DBDBC8918F2893C006658EC;
					};
				};
			};
			buildConfigurationList = 3DBDBC8518F2893C006658EC /* Build configuration list for PBXProject "confidence" */;
			compatibilityVersion = "Xcode 3.2";
			developmentRegion = English;
			hasScannedForEncodings = 0;
			knownRegions = (
				en,
			);
			mainGroup = 3DBDBC8118F2893C006658EC;
			productRefGroup = 3DBDBC8B18F2893C006658EC /* Products */;
			projectDirPath = "";
			projectRoot = "";
			targets = (
				3DBDBC8918F2893C006658EC /* confidence */,
				3DBDBCA418F2893C006658EC /* confidenceTests */,
			);
		};
/* End PBXProject section */

/* Begin PBXResourcesBuildPhase section */
		3DBDBC8818F2893C006658EC /* Resources */ = {
			isa = PBXResourcesBuildPhase;
			buildActionMask = 2147483647;
			files = (
				3DDAB88E18F32C71006E4AC9 /* Main.storyboard in Resources */,
				3DBDBC9818F2893C006658EC /* InfoPlist.strings in Resources */,
				3DBDBCA018F2893C006658EC /* Images.xcassets in Resources */,
			);
			runOnlyForDeploymentPostprocessing = 0;
		};
		3DBDBCA318F2893C006658EC /* Resources */ = {
			isa = PBXResourcesBuildPhase;
			buildActionMask = 2147483647;
			files = (
				3DBDBCB118F2893C006658EC /* InfoPlist.strings in Resources */,
			);
			runOnlyForDeploymentPostprocessing = 0;
		};
/* End PBXResourcesBuildPhase section */

/* Begin PBXSourcesBuildPhase section */
		3DBDBC8618F2893C006658EC /* Sources */ = {
			isa = PBXSourcesBuildPhase;
			buildActionMask = 2147483647;
			files = (
				3DDAB89D18F3B787006E4AC9 /* RBWTeacherTableViewController.m in Sources */,
				3DBDBC9E18F2893C006658EC /* RBWAppDelegate.m in Sources */,
				3DDAB8A618F4A2DA006E4AC9 /* RBWStudentTableViewController.m in Sources */,
				3DF81C7818F9C93400F46EA2 /* RBWTeacherClassViewController.m in Sources */,
				3DDAB89118F349CD006E4AC9 /* RBWRegisterViewController.m in Sources */,
				3DDAB8A018F3B875006E4AC9 /* RBWCourse.m in Sources */,
				3DBDBC9A18F2893C006658EC /* main.m in Sources */,
				3DDAB88C18F32ACD006E4AC9 /* RBWLogInViewController.m in Sources */,
				3DDAB8A318F46D94006E4AC9 /* RBWSelectCoursesTableViewController.m in Sources */,
				3DDAB89718F3B3E8006E4AC9 /* RBWTClassCreatorViewController.m in Sources */,
				3DF81C7518F667AF00F46EA2 /* RBWFeelingViewController.m in Sources */,
				3DF81C7E18FA272300F46EA2 /* RBWSentiment.m in Sources */,
			);
			runOnlyForDeploymentPostprocessing = 0;
		};
		3DBDBCA118F2893C006658EC /* Sources */ = {
			isa = PBXSourcesBuildPhase;
			buildActionMask = 2147483647;
			files = (
				3DBDBCB318F2893C006658EC /* confidenceTests.m in Sources */,
			);
			runOnlyForDeploymentPostprocessing = 0;
		};
/* End PBXSourcesBuildPhase section */

/* Begin PBXTargetDependency section */
		3DBDBCAB18F2893C006658EC /* PBXTargetDependency */ = {
			isa = PBXTargetDependency;
			target = 3DBDBC8918F2893C006658EC /* confidence */;
			targetProxy = 3DBDBCAA18F2893C006658EC /* PBXContainerItemProxy */;
		};
/* End PBXTargetDependency section */

/* Begin PBXVariantGroup section */
		3DBDBC9618F2893C006658EC /* InfoPlist.strings */ = {
			isa = PBXVariantGroup;
			children = (
				3DBDBC9718F2893C006658EC /* en */,
			);
			name = InfoPlist.strings;
			sourceTree = "<group>";
		};
		3DBDBCAF18F2893C006658EC /* InfoPlist.strings */ = {
			isa = PBXVariantGroup;
			children = (
				3DBDBCB018F2893C006658EC /* en */,
			);
			name = InfoPlist.strings;
			sourceTree = "<group>";
		};
/* End PBXVariantGroup section */

/* Begin XCBuildConfiguration section */
		3DBDBCB418F2893C006658EC /* Debug */ = {
			isa = XCBuildConfiguration;
			buildSettings = {
				ALWAYS_SEARCH_USER_PATHS = NO;
				CLANG_CXX_LANGUAGE_STANDARD = "gnu++0x";
				CLANG_CXX_LIBRARY = "libc++";
				CLANG_ENABLE_MODULES = YES;
				CLANG_ENABLE_OBJC_ARC = YES;
				CLANG_WARN_BOOL_CONVERSION = YES;
				CLANG_WARN_CONSTANT_CONVERSION = YES;
				CLANG_WARN_DIRECT_OBJC_ISA_USAGE = YES_ERROR;
				CLANG_WARN_EMPTY_BODY = YES;
				CLANG_WARN_ENUM_CONVERSION = YES;
				CLANG_WARN_INT_CONVERSION = YES;
				CLANG_WARN_OBJC_ROOT_CLASS = YES_ERROR;
				CLANG_WARN__DUPLICATE_METHOD_MATCH = YES;
				CODE_SIGN_IDENTITY = "iPhone Developer: Raemond Bergstrom-Wood (BVU564H352)";
				"CODE_SIGN_IDENTITY[sdk=iphoneos*]" = "iPhone Developer: Raemond Bergstrom-Wood (BVU564H352)";
				COPY_PHASE_STRIP = NO;
				GCC_C_LANGUAGE_STANDARD = gnu99;
				GCC_DYNAMIC_NO_PIC = NO;
				GCC_OPTIMIZATION_LEVEL = 0;
				GCC_PREPROCESSOR_DEFINITIONS = (
					"DEBUG=1",
					"$(inherited)",
				);
				GCC_SYMBOLS_PRIVATE_EXTERN = NO;
				GCC_WARN_64_TO_32_BIT_CONVERSION = YES;
				GCC_WARN_ABOUT_RETURN_TYPE = YES_ERROR;
				GCC_WARN_UNDECLARED_SELECTOR = YES;
				GCC_WARN_UNINITIALIZED_AUTOS = YES_AGGRESSIVE;
				GCC_WARN_UNUSED_FUNCTION = YES;
				GCC_WARN_UNUSED_VARIABLE = YES;
				IPHONEOS_DEPLOYMENT_TARGET = 7.1;
				ONLY_ACTIVE_ARCH = YES;
				OTHER_LDFLAGS = (
					"-ObjC",
					"-all_load",
				);
				SDKROOT = iphoneos;
			};
			name = Debug;
		};
		3DBDBCB518F2893C006658EC /* Release */ = {
			isa = XCBuildConfiguration;
			buildSettings = {
				ALWAYS_SEARCH_USER_PATHS = NO;
				CLANG_CXX_LANGUAGE_STANDARD = "gnu++0x";
				CLANG_CXX_LIBRARY = "libc++";
				CLANG_ENABLE_MODULES = YES;
				CLANG_ENABLE_OBJC_ARC = YES;
				CLANG_WARN_BOOL_CONVERSION = YES;
				CLANG_WARN_CONSTANT_CONVERSION = YES;
				CLANG_WARN_DIRECT_OBJC_ISA_USAGE = YES_ERROR;
				CLANG_WARN_EMPTY_BODY = YES;
				CLANG_WARN_ENUM_CONVERSION = YES;
				CLANG_WARN_INT_CONVERSION = YES;
				CLANG_WARN_OBJC_ROOT_CLASS = YES_ERROR;
				CLANG_WARN__DUPLICATE_METHOD_MATCH = YES;
				CODE_SIGN_IDENTITY = "iPhone Developer: Raemond Bergstrom-Wood (BVU564H352)";
				"CODE_SIGN_IDENTITY[sdk=iphoneos*]" = "iPhone Developer: Raemond Bergstrom-Wood (BVU564H352)";
				COPY_PHASE_STRIP = YES;
				ENABLE_NS_ASSERTIONS = NO;
				GCC_C_LANGUAGE_STANDARD = gnu99;
				GCC_WARN_64_TO_32_BIT_CONVERSION = YES;
				GCC_WARN_ABOUT_RETURN_TYPE = YES_ERROR;
				GCC_WARN_UNDECLARED_SELECTOR = YES;
				GCC_WARN_UNINITIALIZED_AUTOS = YES_AGGRESSIVE;
				GCC_WARN_UNUSED_FUNCTION = YES;
				GCC_WARN_UNUSED_VARIABLE = YES;
				IPHONEOS_DEPLOYMENT_TARGET = 7.1;
				OTHER_LDFLAGS = (
					"-ObjC",
					"-all_load",
				);
				SDKROOT = iphoneos;
				VALIDATE_PRODUCT = YES;
			};
			name = Release;
		};
		3DBDBCB718F2893C006658EC /* Debug */ = {
			isa = XCBuildConfiguration;
			buildSettings = {
				ASSETCATALOG_COMPILER_APPICON_NAME = AppIcon;
				ASSETCATALOG_COMPILER_LAUNCHIMAGE_NAME = LaunchImage;
				FRAMEWORK_SEARCH_PATHS = (
					"$(inherited)",
					"$(PROJECT_DIR)",
				);
				GCC_PRECOMPILE_PREFIX_HEADER = YES;
				GCC_PREFIX_HEADER = "confidence/confidence-Prefix.pch";
				INFOPLIST_FILE = "confidence/confidence-Info.plist";
				LIBRARY_SEARCH_PATHS = (
					"$(inherited)",
					"$(PROJECT_DIR)/confidence",
					"$(PROJECT_DIR)",
				);
				OTHER_LDFLAGS = (
					"-force_load",
					"libCorePlot-CocoaTouch.a",
				);
				PRODUCT_NAME = "$(TARGET_NAME)";
				WRAPPER_EXTENSION = app;
			};
			name = Debug;
		};
		3DBDBCB818F2893C006658EC /* Release */ = {
			isa = XCBuildConfiguration;
			buildSettings = {
				ASSETCATALOG_COMPILER_APPICON_NAME = AppIcon;
				ASSETCATALOG_COMPILER_LAUNCHIMAGE_NAME = LaunchImage;
				FRAMEWORK_SEARCH_PATHS = (
					"$(inherited)",
					"$(PROJECT_DIR)",
				);
				GCC_PRECOMPILE_PREFIX_HEADER = YES;
				GCC_PREFIX_HEADER = "confidence/confidence-Prefix.pch";
				INFOPLIST_FILE = "confidence/confidence-Info.plist";
				LIBRARY_SEARCH_PATHS = (
					"$(inherited)",
					"$(PROJECT_DIR)/confidence",
					"$(PROJECT_DIR)",
				);
				OTHER_LDFLAGS = (
					"-force_load",
					"libCorePlot-CocoaTouch.a",
				);
				PRODUCT_NAME = "$(TARGET_NAME)";
				WRAPPER_EXTENSION = app;
			};
			name = Release;
		};
		3DBDBCBA18F2893C006658EC /* Debug */ = {
			isa = XCBuildConfiguration;
			buildSettings = {
				BUNDLE_LOADER = "$(BUILT_PRODUCTS_DIR)/confidence.app/confidence";
				FRAMEWORK_SEARCH_PATHS = (
					"$(SDKROOT)/Developer/Library/Frameworks",
					"$(inherited)",
					"$(DEVELOPER_FRAMEWORKS_DIR)",
				);
				GCC_PRECOMPILE_PREFIX_HEADER = YES;
				GCC_PREFIX_HEADER = "confidence/confidence-Prefix.pch";
				GCC_PREPROCESSOR_DEFINITIONS = (
					"DEBUG=1",
					"$(inherited)",
				);
				INFOPLIST_FILE = "confidenceTests/confidenceTests-Info.plist";
				PRODUCT_NAME = "$(TARGET_NAME)";
				TEST_HOST = "$(BUNDLE_LOADER)";
				WRAPPER_EXTENSION = xctest;
			};
			name = Debug;
		};
		3DBDBCBB18F2893C006658EC /* Release */ = {
			isa = XCBuildConfiguration;
			buildSettings = {
				BUNDLE_LOADER = "$(BUILT_PRODUCTS_DIR)/confidence.app/confidence";
				FRAMEWORK_SEARCH_PATHS = (
					"$(SDKROOT)/Developer/Library/Frameworks",
					"$(inherited)",
					"$(DEVELOPER_FRAMEWORKS_DIR)",
				);
				GCC_PRECOMPILE_PREFIX_HEADER = YES;
				GCC_PREFIX_HEADER = "confidence/confidence-Prefix.pch";
				INFOPLIST_FILE = "confidenceTests/confidenceTests-Info.plist";
				PRODUCT_NAME = "$(TARGET_NAME)";
				TEST_HOST = "$(BUNDLE_LOADER)";
				WRAPPER_EXTENSION = xctest;
			};
			name = Release;
		};
/* End XCBuildConfiguration section */

/* Begin XCConfigurationList section */
		3DBDBC8518F2893C006658EC /* Build configuration list for PBXProject "confidence" */ = {
			isa = XCConfigurationList;
			buildConfigurations = (
				3DBDBCB418F2893C006658EC /* Debug */,
				3DBDBCB518F2893C006658EC /* Release */,
			);
			defaultConfigurationIsVisible = 0;
			defaultConfigurationName = Release;
		};
		3DBDBCB618F2893C006658EC /* Build configuration list for PBXNativeTarget "confidence" */ = {
			isa = XCConfigurationList;
			buildConfigurations = (
				3DBDBCB718F2893C006658EC /* Debug */,
				3DBDBCB818F2893C006658EC /* Release */,
			);
			defaultConfigurationIsVisible = 0;
			defaultConfigurationName = Release;
		};
		3DBDBCB918F2893C006658EC /* Build configuration list for PBXNativeTarget "confidenceTests" */ = {
			isa = XCConfigurationList;
			buildConfigurations = (
				3DBDBCBA18F2893C006658EC /* Debug */,
				3DBDBCBB18F2893C006658EC /* Release */,
			);
			defaultConfigurationIsVisible = 0;
			defaultConfigurationName = Release;
		};
/* End XCConfigurationList section */
	};
	rootObject = 3DBDBC8218F2893C006658EC /* Project object */;
}
